// !$*UTF8*$!
{
	archiveVersion = 1;
	classes = {
	};
	objectVersion = 60;
	objects = {

/* Begin PBXBuildFile section */
		690F17DA2AD5A8A500A2FDA8 /* ListSection.swift in Sources */ = {isa = PBXBuildFile; fileRef = 690F17D92AD5A8A500A2FDA8 /* ListSection.swift */; };
		690F17DD2AD5B19E00A2FDA8 /* CurrentWeatherCell.swift in Sources */ = {isa = PBXBuildFile; fileRef = 690F17DC2AD5B19E00A2FDA8 /* CurrentWeatherCell.swift */; };
		695C68952AD7FA6E00BD517E /* RoundedBackgroundView.swift in Sources */ = {isa = PBXBuildFile; fileRef = 695C68942AD7FA6E00BD517E /* RoundedBackgroundView.swift */; };
		695C68972AD80D3C00BD517E /* Date+Format.swift in Sources */ = {isa = PBXBuildFile; fileRef = 695C68962AD80D3C00BD517E /* Date+Format.swift */; };
		695C689B2AD813EA00BD517E /* CurrentLocation.swift in Sources */ = {isa = PBXBuildFile; fileRef = 695C689A2AD813EA00BD517E /* CurrentLocation.swift */; };
		697D91852ADE7FBB00026DE0 /* SearchResult.swift in Sources */ = {isa = PBXBuildFile; fileRef = 697D91842ADE7FBB00026DE0 /* SearchResult.swift */; };
		697D91892ADE820700026DE0 /* SearchViewController.swift in Sources */ = {isa = PBXBuildFile; fileRef = 697D91882ADE820700026DE0 /* SearchViewController.swift */; };
		697D918D2ADE824600026DE0 /* TabBarViewController.swift in Sources */ = {isa = PBXBuildFile; fileRef = 697D918C2ADE824600026DE0 /* TabBarViewController.swift */; };
		697D918F2ADE88E500026DE0 /* SearchResultViewController.swift in Sources */ = {isa = PBXBuildFile; fileRef = 697D918E2ADE88E500026DE0 /* SearchResultViewController.swift */; };
		697D91912ADE8B0D00026DE0 /* SearchResultCell.swift in Sources */ = {isa = PBXBuildFile; fileRef = 697D91902ADE8B0D00026DE0 /* SearchResultCell.swift */; };
		699347992ACF4F15009EBE1D /* AppDelegate.swift in Sources */ = {isa = PBXBuildFile; fileRef = 699347982ACF4F15009EBE1D /* AppDelegate.swift */; };
		6993479B2ACF4F15009EBE1D /* SceneDelegate.swift in Sources */ = {isa = PBXBuildFile; fileRef = 6993479A2ACF4F15009EBE1D /* SceneDelegate.swift */; };
		6993479D2ACF4F15009EBE1D /* WeatherViewController.swift in Sources */ = {isa = PBXBuildFile; fileRef = 6993479C2ACF4F15009EBE1D /* WeatherViewController.swift */; };
		699347A02ACF4F15009EBE1D /* Main.storyboard in Resources */ = {isa = PBXBuildFile; fileRef = 6993479E2ACF4F15009EBE1D /* Main.storyboard */; };
		699347A22ACF4F16009EBE1D /* Assets.xcassets in Resources */ = {isa = PBXBuildFile; fileRef = 699347A12ACF4F16009EBE1D /* Assets.xcassets */; };
		699347A52ACF4F16009EBE1D /* LaunchScreen.storyboard in Resources */ = {isa = PBXBuildFile; fileRef = 699347A32ACF4F16009EBE1D /* LaunchScreen.storyboard */; };
		69B58EED2ACF4FC400B45E8F /* Alamofire in Frameworks */ = {isa = PBXBuildFile; productRef = 69B58EEC2ACF4FC400B45E8F /* Alamofire */; };
		69CC4E762AD6D2B400185013 /* HourlyWeatherCell.swift in Sources */ = {isa = PBXBuildFile; fileRef = 69CC4E752AD6D2B400185013 /* HourlyWeatherCell.swift */; };
		69CC4E792AD6D2DC00185013 /* SDWebImage in Frameworks */ = {isa = PBXBuildFile; productRef = 69CC4E782AD6D2DC00185013 /* SDWebImage */; };
		69CC4E7B2AD6D2DC00185013 /* SDWebImageMapKit in Frameworks */ = {isa = PBXBuildFile; productRef = 69CC4E7A2AD6D2DC00185013 /* SDWebImageMapKit */; };
		69CC4E7D2AD6D8C200185013 /* ForecastWeatherCell.swift in Sources */ = {isa = PBXBuildFile; fileRef = 69CC4E7C2AD6D8C200185013 /* ForecastWeatherCell.swift */; };
		69CC4E7F2AD7328900185013 /* HeaderSupplementaryView.swift in Sources */ = {isa = PBXBuildFile; fileRef = 69CC4E7E2AD7328900185013 /* HeaderSupplementaryView.swift */; };
		69E992BB2ACF5206003A81CD /* APIService.swift in Sources */ = {isa = PBXBuildFile; fileRef = 69E992BA2ACF5206003A81CD /* APIService.swift */; };
		69E992BE2ACF522F003A81CD /* APIError.swift in Sources */ = {isa = PBXBuildFile; fileRef = 69E992BD2ACF522F003A81CD /* APIError.swift */; };
		69E992C02ACF5261003A81CD /* CurrentResult.swift in Sources */ = {isa = PBXBuildFile; fileRef = 69E992BF2ACF5261003A81CD /* CurrentResult.swift */; };
		69E992C22ACF5280003A81CD /* ForecastResult.swift in Sources */ = {isa = PBXBuildFile; fileRef = 69E992C12ACF5280003A81CD /* ForecastResult.swift */; };
		69E992C42ACF5290003A81CD /* Current.swift in Sources */ = {isa = PBXBuildFile; fileRef = 69E992C32ACF5290003A81CD /* Current.swift */; };
		69E992C62ACF52A4003A81CD /* Condition.swift in Sources */ = {isa = PBXBuildFile; fileRef = 69E992C52ACF52A4003A81CD /* Condition.swift */; };
		69E992C82ACF52B4003A81CD /* Location.swift in Sources */ = {isa = PBXBuildFile; fileRef = 69E992C72ACF52B4003A81CD /* Location.swift */; };
		69E992CA2ACF52C7003A81CD /* Forecastday.swift in Sources */ = {isa = PBXBuildFile; fileRef = 69E992C92ACF52C7003A81CD /* Forecastday.swift */; };
		69E992CC2ACF52D8003A81CD /* Forecast.swift in Sources */ = {isa = PBXBuildFile; fileRef = 69E992CB2ACF52D8003A81CD /* Forecast.swift */; };
		69E992CE2ACF52EB003A81CD /* Day.swift in Sources */ = {isa = PBXBuildFile; fileRef = 69E992CD2ACF52EB003A81CD /* Day.swift */; };
		69E992D02ACF52FF003A81CD /* Hour.swift in Sources */ = {isa = PBXBuildFile; fileRef = 69E992CF2ACF52FF003A81CD /* Hour.swift */; };
		69F8A7762AD44C0100E79FF1 /* WeatherViewController+Location.swift in Sources */ = {isa = PBXBuildFile; fileRef = 69F8A7752AD44C0100E79FF1 /* WeatherViewController+Location.swift */; };
/* End PBXBuildFile section */

/* Begin PBXFileReference section */
		690F17D92AD5A8A500A2FDA8 /* ListSection.swift */ = {isa = PBXFileReference; lastKnownFileType = sourcecode.swift; path = ListSection.swift; sourceTree = "<group>"; };
		690F17DC2AD5B19E00A2FDA8 /* CurrentWeatherCell.swift */ = {isa = PBXFileReference; lastKnownFileType = sourcecode.swift; path = CurrentWeatherCell.swift; sourceTree = "<group>"; };
		695C68942AD7FA6E00BD517E /* RoundedBackgroundView.swift */ = {isa = PBXFileReference; lastKnownFileType = sourcecode.swift; path = RoundedBackgroundView.swift; sourceTree = "<group>"; };
		695C68962AD80D3C00BD517E /* Date+Format.swift */ = {isa = PBXFileReference; lastKnownFileType = sourcecode.swift; path = "Date+Format.swift"; sourceTree = "<group>"; };
		695C689A2AD813EA00BD517E /* CurrentLocation.swift */ = {isa = PBXFileReference; lastKnownFileType = sourcecode.swift; path = CurrentLocation.swift; sourceTree = "<group>"; };
		697D91842ADE7FBB00026DE0 /* SearchResult.swift */ = {isa = PBXFileReference; lastKnownFileType = sourcecode.swift; path = SearchResult.swift; sourceTree = "<group>"; };
		697D91882ADE820700026DE0 /* SearchViewController.swift */ = {isa = PBXFileReference; lastKnownFileType = sourcecode.swift; path = SearchViewController.swift; sourceTree = "<group>"; };
		697D918C2ADE824600026DE0 /* TabBarViewController.swift */ = {isa = PBXFileReference; lastKnownFileType = sourcecode.swift; path = TabBarViewController.swift; sourceTree = "<group>"; };
		697D918E2ADE88E500026DE0 /* SearchResultViewController.swift */ = {isa = PBXFileReference; lastKnownFileType = sourcecode.swift; path = SearchResultViewController.swift; sourceTree = "<group>"; };
		697D91902ADE8B0D00026DE0 /* SearchResultCell.swift */ = {isa = PBXFileReference; lastKnownFileType = sourcecode.swift; path = SearchResultCell.swift; sourceTree = "<group>"; };
		699347952ACF4F14009EBE1D /* DNCWeatherApp.app */ = {isa = PBXFileReference; explicitFileType = wrapper.application; includeInIndex = 0; path = DNCWeatherApp.app; sourceTree = BUILT_PRODUCTS_DIR; };
		699347982ACF4F15009EBE1D /* AppDelegate.swift */ = {isa = PBXFileReference; lastKnownFileType = sourcecode.swift; path = AppDelegate.swift; sourceTree = "<group>"; };
		6993479A2ACF4F15009EBE1D /* SceneDelegate.swift */ = {isa = PBXFileReference; lastKnownFileType = sourcecode.swift; path = SceneDelegate.swift; sourceTree = "<group>"; };
		6993479C2ACF4F15009EBE1D /* WeatherViewController.swift */ = {isa = PBXFileReference; lastKnownFileType = sourcecode.swift; path = WeatherViewController.swift; sourceTree = "<group>"; };
		6993479F2ACF4F15009EBE1D /* Base */ = {isa = PBXFileReference; lastKnownFileType = file.storyboard; name = Base; path = Base.lproj/Main.storyboard; sourceTree = "<group>"; };
		699347A12ACF4F16009EBE1D /* Assets.xcassets */ = {isa = PBXFileReference; lastKnownFileType = folder.assetcatalog; path = Assets.xcassets; sourceTree = "<group>"; };
		699347A42ACF4F16009EBE1D /* Base */ = {isa = PBXFileReference; lastKnownFileType = file.storyboard; name = Base; path = Base.lproj/LaunchScreen.storyboard; sourceTree = "<group>"; };
		699347A62ACF4F16009EBE1D /* Info.plist */ = {isa = PBXFileReference; lastKnownFileType = text.plist.xml; path = Info.plist; sourceTree = "<group>"; };
		69CC4E752AD6D2B400185013 /* HourlyWeatherCell.swift */ = {isa = PBXFileReference; lastKnownFileType = sourcecode.swift; path = HourlyWeatherCell.swift; sourceTree = "<group>"; };
		69CC4E7C2AD6D8C200185013 /* ForecastWeatherCell.swift */ = {isa = PBXFileReference; lastKnownFileType = sourcecode.swift; path = ForecastWeatherCell.swift; sourceTree = "<group>"; };
		69CC4E7E2AD7328900185013 /* HeaderSupplementaryView.swift */ = {isa = PBXFileReference; lastKnownFileType = sourcecode.swift; path = HeaderSupplementaryView.swift; sourceTree = "<group>"; };
		69E992BA2ACF5206003A81CD /* APIService.swift */ = {isa = PBXFileReference; lastKnownFileType = sourcecode.swift; path = APIService.swift; sourceTree = "<group>"; };
		69E992BD2ACF522F003A81CD /* APIError.swift */ = {isa = PBXFileReference; lastKnownFileType = sourcecode.swift; path = APIError.swift; sourceTree = "<group>"; };
		69E992BF2ACF5261003A81CD /* CurrentResult.swift */ = {isa = PBXFileReference; lastKnownFileType = sourcecode.swift; path = CurrentResult.swift; sourceTree = "<group>"; };
		69E992C12ACF5280003A81CD /* ForecastResult.swift */ = {isa = PBXFileReference; lastKnownFileType = sourcecode.swift; path = ForecastResult.swift; sourceTree = "<group>"; };
		69E992C32ACF5290003A81CD /* Current.swift */ = {isa = PBXFileReference; lastKnownFileType = sourcecode.swift; path = Current.swift; sourceTree = "<group>"; };
		69E992C52ACF52A4003A81CD /* Condition.swift */ = {isa = PBXFileReference; lastKnownFileType = sourcecode.swift; path = Condition.swift; sourceTree = "<group>"; };
		69E992C72ACF52B4003A81CD /* Location.swift */ = {isa = PBXFileReference; lastKnownFileType = sourcecode.swift; path = Location.swift; sourceTree = "<group>"; };
		69E992C92ACF52C7003A81CD /* Forecastday.swift */ = {isa = PBXFileReference; lastKnownFileType = sourcecode.swift; path = Forecastday.swift; sourceTree = "<group>"; };
		69E992CB2ACF52D8003A81CD /* Forecast.swift */ = {isa = PBXFileReference; lastKnownFileType = sourcecode.swift; path = Forecast.swift; sourceTree = "<group>"; };
		69E992CD2ACF52EB003A81CD /* Day.swift */ = {isa = PBXFileReference; lastKnownFileType = sourcecode.swift; path = Day.swift; sourceTree = "<group>"; };
		69E992CF2ACF52FF003A81CD /* Hour.swift */ = {isa = PBXFileReference; lastKnownFileType = sourcecode.swift; path = Hour.swift; sourceTree = "<group>"; };
		69F8A7752AD44C0100E79FF1 /* WeatherViewController+Location.swift */ = {isa = PBXFileReference; lastKnownFileType = sourcecode.swift; path = "WeatherViewController+Location.swift"; sourceTree = "<group>"; };
/* End PBXFileReference section */

/* Begin PBXFrameworksBuildPhase section */
		699347922ACF4F14009EBE1D /* Frameworks */ = {
			isa = PBXFrameworksBuildPhase;
			buildActionMask = 2147483647;
			files = (
				69CC4E792AD6D2DC00185013 /* SDWebImage in Frameworks */,
				69CC4E7B2AD6D2DC00185013 /* SDWebImageMapKit in Frameworks */,
				69B58EED2ACF4FC400B45E8F /* Alamofire in Frameworks */,
			);
			runOnlyForDeploymentPostprocessing = 0;
		};
/* End PBXFrameworksBuildPhase section */

/* Begin PBXGroup section */
		690F17DB2AD5B18E00A2FDA8 /* Cells */ = {
			isa = PBXGroup;
			children = (
				690F17DC2AD5B19E00A2FDA8 /* CurrentWeatherCell.swift */,
				69CC4E752AD6D2B400185013 /* HourlyWeatherCell.swift */,
				69CC4E7C2AD6D8C200185013 /* ForecastWeatherCell.swift */,
				69CC4E7E2AD7328900185013 /* HeaderSupplementaryView.swift */,
				695C68942AD7FA6E00BD517E /* RoundedBackgroundView.swift */,
				697D91902ADE8B0D00026DE0 /* SearchResultCell.swift */,
			);
			path = Cells;
			sourceTree = "<group>";
		};
		697D91872ADE81AE00026DE0 /* SearchViewController */ = {
			isa = PBXGroup;
			children = (
				697D91882ADE820700026DE0 /* SearchViewController.swift */,
				697D918E2ADE88E500026DE0 /* SearchResultViewController.swift */,
			);
			path = SearchViewController;
			sourceTree = "<group>";
		};
		697D918B2ADE822B00026DE0 /* Controllers */ = {
			isa = PBXGroup;
			children = (
				697D91872ADE81AE00026DE0 /* SearchViewController */,
				69903C242AD44B9F00C682A3 /* WeatherViewController */,
				697D918C2ADE824600026DE0 /* TabBarViewController.swift */,
			);
			path = Controllers;
			sourceTree = "<group>";
		};
		69903C242AD44B9F00C682A3 /* WeatherViewController */ = {
			isa = PBXGroup;
			children = (
				6993479C2ACF4F15009EBE1D /* WeatherViewController.swift */,
				69F8A7752AD44C0100E79FF1 /* WeatherViewController+Location.swift */,
			);
			path = WeatherViewController;
			sourceTree = "<group>";
		};
		6993478C2ACF4F14009EBE1D = {
			isa = PBXGroup;
			children = (
				699347972ACF4F14009EBE1D /* DNCWeatherApp */,
				699347962ACF4F14009EBE1D /* Products */,
			);
			sourceTree = "<group>";
		};
		699347962ACF4F14009EBE1D /* Products */ = {
			isa = PBXGroup;
			children = (
				699347952ACF4F14009EBE1D /* DNCWeatherApp.app */,
			);
			name = Products;
			sourceTree = "<group>";
		};
		699347972ACF4F14009EBE1D /* DNCWeatherApp */ = {
			isa = PBXGroup;
			children = (
				697D918B2ADE822B00026DE0 /* Controllers */,
				690F17DB2AD5B18E00A2FDA8 /* Cells */,
				69E992BC2ACF521C003A81CD /* Models */,
				69E992B92ACF51FA003A81CD /* Services */,
				699347982ACF4F15009EBE1D /* AppDelegate.swift */,
				6993479A2ACF4F15009EBE1D /* SceneDelegate.swift */,
				6993479E2ACF4F15009EBE1D /* Main.storyboard */,
				699347A12ACF4F16009EBE1D /* Assets.xcassets */,
				699347A32ACF4F16009EBE1D /* LaunchScreen.storyboard */,
				699347A62ACF4F16009EBE1D /* Info.plist */,
			);
			path = DNCWeatherApp;
			sourceTree = "<group>";
		};
		69E992B92ACF51FA003A81CD /* Services */ = {
			isa = PBXGroup;
			children = (
				69E992BA2ACF5206003A81CD /* APIService.swift */,
			);
			path = Services;
			sourceTree = "<group>";
		};
		69E992BC2ACF521C003A81CD /* Models */ = {
			isa = PBXGroup;
			children = (
				69E992BD2ACF522F003A81CD /* APIError.swift */,
				69E992BF2ACF5261003A81CD /* CurrentResult.swift */,
				69E992C12ACF5280003A81CD /* ForecastResult.swift */,
				69E992C32ACF5290003A81CD /* Current.swift */,
				69E992C52ACF52A4003A81CD /* Condition.swift */,
				69E992C72ACF52B4003A81CD /* Location.swift */,
				69E992C92ACF52C7003A81CD /* Forecastday.swift */,
				69E992CB2ACF52D8003A81CD /* Forecast.swift */,
				69E992CD2ACF52EB003A81CD /* Day.swift */,
				69E992CF2ACF52FF003A81CD /* Hour.swift */,
				690F17D92AD5A8A500A2FDA8 /* ListSection.swift */,
				695C68962AD80D3C00BD517E /* Date+Format.swift */,
				695C689A2AD813EA00BD517E /* CurrentLocation.swift */,
				697D91842ADE7FBB00026DE0 /* SearchResult.swift */,
			);
			path = Models;
			sourceTree = "<group>";
		};
/* End PBXGroup section */

/* Begin PBXNativeTarget section */
		699347942ACF4F14009EBE1D /* DNCWeatherApp */ = {
			isa = PBXNativeTarget;
			buildConfigurationList = 699347A92ACF4F16009EBE1D /* Build configuration list for PBXNativeTarget "DNCWeatherApp" */;
			buildPhases = (
				699347912ACF4F14009EBE1D /* Sources */,
				699347922ACF4F14009EBE1D /* Frameworks */,
				699347932ACF4F14009EBE1D /* Resources */,
			);
			buildRules = (
			);
			dependencies = (
			);
			name = DNCWeatherApp;
			packageProductDependencies = (
				69B58EEC2ACF4FC400B45E8F /* Alamofire */,
				69CC4E782AD6D2DC00185013 /* SDWebImage */,
				69CC4E7A2AD6D2DC00185013 /* SDWebImageMapKit */,
			);
			productName = DNCWeatherApp;
			productReference = 699347952ACF4F14009EBE1D /* DNCWeatherApp.app */;
			productType = "com.apple.product-type.application";
		};
/* End PBXNativeTarget section */

/* Begin PBXProject section */
		6993478D2ACF4F14009EBE1D /* Project object */ = {
			isa = PBXProject;
			attributes = {
				BuildIndependentTargetsInParallel = 1;
				LastSwiftUpdateCheck = 1500;
				LastUpgradeCheck = 1500;
				TargetAttributes = {
					699347942ACF4F14009EBE1D = {
						CreatedOnToolsVersion = 15.0;
					};
				};
			};
			buildConfigurationList = 699347902ACF4F14009EBE1D /* Build configuration list for PBXProject "DNCWeatherApp" */;
			compatibilityVersion = "Xcode 15.0";
			developmentRegion = en;
			hasScannedForEncodings = 0;
			knownRegions = (
				en,
				Base,
			);
			mainGroup = 6993478C2ACF4F14009EBE1D;
			packageReferences = (
				69B58EEB2ACF4FC400B45E8F /* XCRemoteSwiftPackageReference "Alamofire" */,
				69CC4E772AD6D2DC00185013 /* XCRemoteSwiftPackageReference "SDWebImage" */,
			);
			productRefGroup = 699347962ACF4F14009EBE1D /* Products */;
			projectDirPath = "";
			projectRoot = "";
			targets = (
				699347942ACF4F14009EBE1D /* DNCWeatherApp */,
			);
		};
/* End PBXProject section */

/* Begin PBXResourcesBuildPhase section */
		699347932ACF4F14009EBE1D /* Resources */ = {
			isa = PBXResourcesBuildPhase;
			buildActionMask = 2147483647;
			files = (
				699347A52ACF4F16009EBE1D /* LaunchScreen.storyboard in Resources */,
				699347A22ACF4F16009EBE1D /* Assets.xcassets in Resources */,
				699347A02ACF4F15009EBE1D /* Main.storyboard in Resources */,
			);
			runOnlyForDeploymentPostprocessing = 0;
		};
/* End PBXResourcesBuildPhase section */

/* Begin PBXSourcesBuildPhase section */
		699347912ACF4F14009EBE1D /* Sources */ = {
			isa = PBXSourcesBuildPhase;
			buildActionMask = 2147483647;
			files = (
				69E992C22ACF5280003A81CD /* ForecastResult.swift in Sources */,
				69CC4E762AD6D2B400185013 /* HourlyWeatherCell.swift in Sources */,
				69E992C62ACF52A4003A81CD /* Condition.swift in Sources */,
				69E992C82ACF52B4003A81CD /* Location.swift in Sources */,
				69E992C02ACF5261003A81CD /* CurrentResult.swift in Sources */,
				69E992CC2ACF52D8003A81CD /* Forecast.swift in Sources */,
				695C689B2AD813EA00BD517E /* CurrentLocation.swift in Sources */,
				695C68972AD80D3C00BD517E /* Date+Format.swift in Sources */,
				69E992CA2ACF52C7003A81CD /* Forecastday.swift in Sources */,
				69E992CE2ACF52EB003A81CD /* Day.swift in Sources */,
				697D918F2ADE88E500026DE0 /* SearchResultViewController.swift in Sources */,
				697D918D2ADE824600026DE0 /* TabBarViewController.swift in Sources */,
				697D91852ADE7FBB00026DE0 /* SearchResult.swift in Sources */,
				6993479D2ACF4F15009EBE1D /* WeatherViewController.swift in Sources */,
				697D91912ADE8B0D00026DE0 /* SearchResultCell.swift in Sources */,
				69CC4E7F2AD7328900185013 /* HeaderSupplementaryView.swift in Sources */,
				69CC4E7D2AD6D8C200185013 /* ForecastWeatherCell.swift in Sources */,
				69E992C42ACF5290003A81CD /* Current.swift in Sources */,
				697D91892ADE820700026DE0 /* SearchViewController.swift in Sources */,
				699347992ACF4F15009EBE1D /* AppDelegate.swift in Sources */,
				69E992BB2ACF5206003A81CD /* APIService.swift in Sources */,
				690F17DD2AD5B19E00A2FDA8 /* CurrentWeatherCell.swift in Sources */,
				69E992BE2ACF522F003A81CD /* APIError.swift in Sources */,
				695C68952AD7FA6E00BD517E /* RoundedBackgroundView.swift in Sources */,
				6993479B2ACF4F15009EBE1D /* SceneDelegate.swift in Sources */,
				690F17DA2AD5A8A500A2FDA8 /* ListSection.swift in Sources */,
				69F8A7762AD44C0100E79FF1 /* WeatherViewController+Location.swift in Sources */,
				69E992D02ACF52FF003A81CD /* Hour.swift in Sources */,
			);
			runOnlyForDeploymentPostprocessing = 0;
		};
/* End PBXSourcesBuildPhase section */

/* Begin PBXVariantGroup section */
		6993479E2ACF4F15009EBE1D /* Main.storyboard */ = {
			isa = PBXVariantGroup;
			children = (
				6993479F2ACF4F15009EBE1D /* Base */,
			);
			name = Main.storyboard;
			sourceTree = "<group>";
		};
		699347A32ACF4F16009EBE1D /* LaunchScreen.storyboard */ = {
			isa = PBXVariantGroup;
			children = (
				699347A42ACF4F16009EBE1D /* Base */,
			);
			name = LaunchScreen.storyboard;
			sourceTree = "<group>";
		};
/* End PBXVariantGroup section */

/* Begin XCBuildConfiguration section */
		699347A72ACF4F16009EBE1D /* Debug */ = {
			isa = XCBuildConfiguration;
			buildSettings = {
				ALWAYS_SEARCH_USER_PATHS = NO;
				ASSETCATALOG_COMPILER_GENERATE_SWIFT_ASSET_SYMBOL_EXTENSIONS = YES;
				CLANG_ANALYZER_NONNULL = YES;
				CLANG_ANALYZER_NUMBER_OBJECT_CONVERSION = YES_AGGRESSIVE;
				CLANG_CXX_LANGUAGE_STANDARD = "gnu++20";
				CLANG_ENABLE_MODULES = YES;
				CLANG_ENABLE_OBJC_ARC = YES;
				CLANG_ENABLE_OBJC_WEAK = YES;
				CLANG_WARN_BLOCK_CAPTURE_AUTORELEASING = YES;
				CLANG_WARN_BOOL_CONVERSION = YES;
				CLANG_WARN_COMMA = YES;
				CLANG_WARN_CONSTANT_CONVERSION = YES;
				CLANG_WARN_DEPRECATED_OBJC_IMPLEMENTATIONS = YES;
				CLANG_WARN_DIRECT_OBJC_ISA_USAGE = YES_ERROR;
				CLANG_WARN_DOCUMENTATION_COMMENTS = YES;
				CLANG_WARN_EMPTY_BODY = YES;
				CLANG_WARN_ENUM_CONVERSION = YES;
				CLANG_WARN_INFINITE_RECURSION = YES;
				CLANG_WARN_INT_CONVERSION = YES;
				CLANG_WARN_NON_LITERAL_NULL_CONVERSION = YES;
				CLANG_WARN_OBJC_IMPLICIT_RETAIN_SELF = YES;
				CLANG_WARN_OBJC_LITERAL_CONVERSION = YES;
				CLANG_WARN_OBJC_ROOT_CLASS = YES_ERROR;
				CLANG_WARN_QUOTED_INCLUDE_IN_FRAMEWORK_HEADER = YES;
				CLANG_WARN_RANGE_LOOP_ANALYSIS = YES;
				CLANG_WARN_STRICT_PROTOTYPES = YES;
				CLANG_WARN_SUSPICIOUS_MOVE = YES;
				CLANG_WARN_UNGUARDED_AVAILABILITY = YES_AGGRESSIVE;
				CLANG_WARN_UNREACHABLE_CODE = YES;
				CLANG_WARN__DUPLICATE_METHOD_MATCH = YES;
				COPY_PHASE_STRIP = NO;
				DEBUG_INFORMATION_FORMAT = dwarf;
				ENABLE_STRICT_OBJC_MSGSEND = YES;
				ENABLE_TESTABILITY = YES;
				ENABLE_USER_SCRIPT_SANDBOXING = YES;
				GCC_C_LANGUAGE_STANDARD = gnu17;
				GCC_DYNAMIC_NO_PIC = NO;
				GCC_NO_COMMON_BLOCKS = YES;
				GCC_OPTIMIZATION_LEVEL = 0;
				GCC_PREPROCESSOR_DEFINITIONS = (
					"DEBUG=1",
					"$(inherited)",
				);
				GCC_WARN_64_TO_32_BIT_CONVERSION = YES;
				GCC_WARN_ABOUT_RETURN_TYPE = YES_ERROR;
				GCC_WARN_UNDECLARED_SELECTOR = YES;
				GCC_WARN_UNINITIALIZED_AUTOS = YES_AGGRESSIVE;
				GCC_WARN_UNUSED_FUNCTION = YES;
				GCC_WARN_UNUSED_VARIABLE = YES;
				IPHONEOS_DEPLOYMENT_TARGET = 17.0;
				LOCALIZATION_PREFERS_STRING_CATALOGS = YES;
				MTL_ENABLE_DEBUG_INFO = INCLUDE_SOURCE;
				MTL_FAST_MATH = YES;
				ONLY_ACTIVE_ARCH = YES;
				SDKROOT = iphoneos;
				SWIFT_ACTIVE_COMPILATION_CONDITIONS = "DEBUG $(inherited)";
				SWIFT_OPTIMIZATION_LEVEL = "-Onone";
			};
			name = Debug;
		};
		699347A82ACF4F16009EBE1D /* Release */ = {
			isa = XCBuildConfiguration;
			buildSettings = {
				ALWAYS_SEARCH_USER_PATHS = NO;
				ASSETCATALOG_COMPILER_GENERATE_SWIFT_ASSET_SYMBOL_EXTENSIONS = YES;
				CLANG_ANALYZER_NONNULL = YES;
				CLANG_ANALYZER_NUMBER_OBJECT_CONVERSION = YES_AGGRESSIVE;
				CLANG_CXX_LANGUAGE_STANDARD = "gnu++20";
				CLANG_ENABLE_MODULES = YES;
				CLANG_ENABLE_OBJC_ARC = YES;
				CLANG_ENABLE_OBJC_WEAK = YES;
				CLANG_WARN_BLOCK_CAPTURE_AUTORELEASING = YES;
				CLANG_WARN_BOOL_CONVERSION = YES;
				CLANG_WARN_COMMA = YES;
				CLANG_WARN_CONSTANT_CONVERSION = YES;
				CLANG_WARN_DEPRECATED_OBJC_IMPLEMENTATIONS = YES;
				CLANG_WARN_DIRECT_OBJC_ISA_USAGE = YES_ERROR;
				CLANG_WARN_DOCUMENTATION_COMMENTS = YES;
				CLANG_WARN_EMPTY_BODY = YES;
				CLANG_WARN_ENUM_CONVERSION = YES;
				CLANG_WARN_INFINITE_RECURSION = YES;
				CLANG_WARN_INT_CONVERSION = YES;
				CLANG_WARN_NON_LITERAL_NULL_CONVERSION = YES;
				CLANG_WARN_OBJC_IMPLICIT_RETAIN_SELF = YES;
				CLANG_WARN_OBJC_LITERAL_CONVERSION = YES;
				CLANG_WARN_OBJC_ROOT_CLASS = YES_ERROR;
				CLANG_WARN_QUOTED_INCLUDE_IN_FRAMEWORK_HEADER = YES;
				CLANG_WARN_RANGE_LOOP_ANALYSIS = YES;
				CLANG_WARN_STRICT_PROTOTYPES = YES;
				CLANG_WARN_SUSPICIOUS_MOVE = YES;
				CLANG_WARN_UNGUARDED_AVAILABILITY = YES_AGGRESSIVE;
				CLANG_WARN_UNREACHABLE_CODE = YES;
				CLANG_WARN__DUPLICATE_METHOD_MATCH = YES;
				COPY_PHASE_STRIP = NO;
				DEBUG_INFORMATION_FORMAT = "dwarf-with-dsym";
				ENABLE_NS_ASSERTIONS = NO;
				ENABLE_STRICT_OBJC_MSGSEND = YES;
				ENABLE_USER_SCRIPT_SANDBOXING = YES;
				GCC_C_LANGUAGE_STANDARD = gnu17;
				GCC_NO_COMMON_BLOCKS = YES;
				GCC_WARN_64_TO_32_BIT_CONVERSION = YES;
				GCC_WARN_ABOUT_RETURN_TYPE = YES_ERROR;
				GCC_WARN_UNDECLARED_SELECTOR = YES;
				GCC_WARN_UNINITIALIZED_AUTOS = YES_AGGRESSIVE;
				GCC_WARN_UNUSED_FUNCTION = YES;
				GCC_WARN_UNUSED_VARIABLE = YES;
				IPHONEOS_DEPLOYMENT_TARGET = 17.0;
				LOCALIZATION_PREFERS_STRING_CATALOGS = YES;
				MTL_ENABLE_DEBUG_INFO = NO;
				MTL_FAST_MATH = YES;
				SDKROOT = iphoneos;
				SWIFT_COMPILATION_MODE = wholemodule;
				VALIDATE_PRODUCT = YES;
			};
			name = Release;
		};
		699347AA2ACF4F16009EBE1D /* Debug */ = {
			isa = XCBuildConfiguration;
			buildSettings = {
				ASSETCATALOG_COMPILER_APPICON_NAME = AppIcon;
				ASSETCATALOG_COMPILER_GLOBAL_ACCENT_COLOR_NAME = AccentColor;
				CODE_SIGN_STYLE = Automatic;
				CURRENT_PROJECT_VERSION = 1;
				DEVELOPMENT_TEAM = XW6RCVN72V;
				GENERATE_INFOPLIST_FILE = YES;
				INFOPLIST_FILE = DNCWeatherApp/Info.plist;
				INFOPLIST_KEY_LSApplicationCategoryType = "";
				INFOPLIST_KEY_NSLocationWhenInUseUsageDescription = "Please allow location to see local weather";
				INFOPLIST_KEY_UIApplicationSupportsIndirectInputEvents = YES;
				INFOPLIST_KEY_UILaunchStoryboardName = LaunchScreen;
				INFOPLIST_KEY_UIMainStoryboardFile = Main;
				INFOPLIST_KEY_UISupportedInterfaceOrientations = UIInterfaceOrientationPortrait;
				IPHONEOS_DEPLOYMENT_TARGET = 16.0;
				LD_RUNPATH_SEARCH_PATHS = (
					"$(inherited)",
					"@executable_path/Frameworks",
				);
				MARKETING_VERSION = 1.0;
				PRODUCT_BUNDLE_IDENTIFIER = com.ellias.DNCWeatherApp;
				PRODUCT_NAME = "$(TARGET_NAME)";
				SWIFT_EMIT_LOC_STRINGS = YES;
				SWIFT_VERSION = 5.0;
				TARGETED_DEVICE_FAMILY = "1,2";
			};
			name = Debug;
		};
		699347AB2ACF4F16009EBE1D /* Release */ = {
			isa = XCBuildConfiguration;
			buildSettings = {
				ASSETCATALOG_COMPILER_APPICON_NAME = AppIcon;
				ASSETCATALOG_COMPILER_GLOBAL_ACCENT_COLOR_NAME = AccentColor;
				CODE_SIGN_STYLE = Automatic;
				CURRENT_PROJECT_VERSION = 1;
				DEVELOPMENT_TEAM = XW6RCVN72V;
				GENERATE_INFOPLIST_FILE = YES;
				INFOPLIST_FILE = DNCWeatherApp/Info.plist;
				INFOPLIST_KEY_LSApplicationCategoryType = "";
				INFOPLIST_KEY_NSLocationWhenInUseUsageDescription = "Please allow location to see local weather";
				INFOPLIST_KEY_UIApplicationSupportsIndirectInputEvents = YES;
				INFOPLIST_KEY_UILaunchStoryboardName = LaunchScreen;
				INFOPLIST_KEY_UIMainStoryboardFile = Main;
				INFOPLIST_KEY_UISupportedInterfaceOrientations = UIInterfaceOrientationPortrait;
				IPHONEOS_DEPLOYMENT_TARGET = 16.0;
				LD_RUNPATH_SEARCH_PATHS = (
					"$(inherited)",
					"@executable_path/Frameworks",
				);
				MARKETING_VERSION = 1.0;
				PRODUCT_BUNDLE_IDENTIFIER = com.ellias.DNCWeatherApp;
				PRODUCT_NAME = "$(TARGET_NAME)";
				SWIFT_EMIT_LOC_STRINGS = YES;
				SWIFT_VERSION = 5.0;
				TARGETED_DEVICE_FAMILY = "1,2";
			};
			name = Release;
		};
/* End XCBuildConfiguration section */

/* Begin XCConfigurationList section */
		699347902ACF4F14009EBE1D /* Build configuration list for PBXProject "DNCWeatherApp" */ = {
			isa = XCConfigurationList;
			buildConfigurations = (
				699347A72ACF4F16009EBE1D /* Debug */,
				699347A82ACF4F16009EBE1D /* Release */,
			);
			defaultConfigurationIsVisible = 0;
			defaultConfigurationName = Release;
		};
		699347A92ACF4F16009EBE1D /* Build configuration list for PBXNativeTarget "DNCWeatherApp" */ = {
			isa = XCConfigurationList;
			buildConfigurations = (
				699347AA2ACF4F16009EBE1D /* Debug */,
				699347AB2ACF4F16009EBE1D /* Release */,
			);
			defaultConfigurationIsVisible = 0;
			defaultConfigurationName = Release;
		};
/* End XCConfigurationList section */

/* Begin XCRemoteSwiftPackageReference section */
		69B58EEB2ACF4FC400B45E8F /* XCRemoteSwiftPackageReference "Alamofire" */ = {
			isa = XCRemoteSwiftPackageReference;
			repositoryURL = "https://github.com/Alamofire/Alamofire";
			requirement = {
				kind = upToNextMajorVersion;
				minimumVersion = 5.8.0;
			};
		};
		69CC4E772AD6D2DC00185013 /* XCRemoteSwiftPackageReference "SDWebImage" */ = {
			isa = XCRemoteSwiftPackageReference;
			repositoryURL = "https://github.com/SDWebImage/SDWebImage.git";
			requirement = {
				kind = upToNextMajorVersion;
				minimumVersion = 5.18.3;
			};
		};
/* End XCRemoteSwiftPackageReference section */

/* Begin XCSwiftPackageProductDependency section */
		69B58EEC2ACF4FC400B45E8F /* Alamofire */ = {
			isa = XCSwiftPackageProductDependency;
			package = 69B58EEB2ACF4FC400B45E8F /* XCRemoteSwiftPackageReference "Alamofire" */;
			productName = Alamofire;
		};
		69CC4E782AD6D2DC00185013 /* SDWebImage */ = {
			isa = XCSwiftPackageProductDependency;
			package = 69CC4E772AD6D2DC00185013 /* XCRemoteSwiftPackageReference "SDWebImage" */;
			productName = SDWebImage;
		};
		69CC4E7A2AD6D2DC00185013 /* SDWebImageMapKit */ = {
			isa = XCSwiftPackageProductDependency;
			package = 69CC4E772AD6D2DC00185013 /* XCRemoteSwiftPackageReference "SDWebImage" */;
			productName = SDWebImageMapKit;
		};
/* End XCSwiftPackageProductDependency section */
	};
	rootObject = 6993478D2ACF4F14009EBE1D /* Project object */;
}
